
Microsoft Visual Studio Solution File, Format Version 12.00
Project("{FAE04EC0-301F-11D3-BF4B-00C04F79EFBC}") = "Orders.Api", "Orders.Api\Orders.Api.csproj", "{4523FFC5-2C51-4C29-8FA1-43F8E60CA051}"
EndProject
Project("{FAE04EC0-301F-11D3-BF4B-00C04F79EFBC}") = "Billing.Service", "Billing.Service\Billing.Service.csproj", "{69096E6B-0D1A-4C5A-8DAB-7F301FC309DA}"
EndProject
Global
	GlobalSection(SolutionConfigurationPlatforms) = preSolution
		Debug|Any CPU = Debug|Any CPU
		Debug|x64 = Debug|x64
		Debug|x86 = Debug|x86
		Release|Any CPU = Release|Any CPU
		Release|x64 = Release|x64
		Release|x86 = Release|x86
	EndGlobalSection
	GlobalSection(ProjectConfigurationPlatforms) = postSolution
		{4523FFC5-2C51-4C29-8FA1-43F8E60CA051}.Debug|Any CPU.ActiveCfg = Debug|Any CPU
		{4523FFC5-2C51-4C29-8FA1-43F8E60CA051}.Debug|Any CPU.Build.0 = Debug|Any CPU
		{4523FFC5-2C51-4C29-8FA1-43F8E60CA051}.Debug|x64.ActiveCfg = Debug|Any CPU
		{4523FFC5-2C51-4C29-8FA1-43F8E60CA051}.Debug|x64.Build.0 = Debug|Any CPU
		{4523FFC5-2C51-4C29-8FA1-43F8E60CA051}.Debug|x86.ActiveCfg = Debug|Any CPU
		{4523FFC5-2C51-4C29-8FA1-43F8E60CA051}.Debug|x86.Build.0 = Debug|Any CPU
		{4523FFC5-2C51-4C29-8FA1-43F8E60CA051}.Release|Any CPU.ActiveCfg = Release|Any CPU
		{4523FFC5-2C51-4C29-8FA1-43F8E60CA051}.Release|Any CPU.Build.0 = Release|Any CPU
		{4523FFC5-2C51-4C29-8FA1-43F8E60CA051}.Release|x64.ActiveCfg = Release|Any CPU
		{4523FFC5-2C51-4C29-8FA1-43F8E60CA051}.Release|x64.Build.0 = Release|Any CPU
		{4523FFC5-2C51-4C29-8FA1-43F8E60CA051}.Release|x86.ActiveCfg = Release|Any CPU
		{4523FFC5-2C51-4C29-8FA1-43F8E60CA051}.Release|x86.Build.0 = Release|Any CPU
		{69096E6B-0D1A-4C5A-8DAB-7F301FC309DA}.Debug|Any CPU.ActiveCfg = Debug|Any CPU
		{69096E6B-0D1A-4C5A-8DAB-7F301FC309DA}.Debug|Any CPU.Build.0 = Debug|Any CPU
		{69096E6B-0D1A-4C5A-8DAB-7F301FC309DA}.Debug|x64.ActiveCfg = Debug|Any CPU
		{69096E6B-0D1A-4C5A-8DAB-7F301FC309DA}.Debug|x64.Build.0 = Debug|Any CPU
		{69096E6B-0D1A-4C5A-8DAB-7F301FC309DA}.Debug|x86.ActiveCfg = Debug|Any CPU
		{69096E6B-0D1A-4C5A-8DAB-7F301FC309DA}.Debug|x86.Build.0 = Debug|Any CPU
		{69096E6B-0D1A-4C5A-8DAB-7F301FC309DA}.Release|Any CPU.ActiveCfg = Release|Any CPU
		{69096E6B-0D1A-4C5A-8DAB-7F301FC309DA}.Release|Any CPU.Build.0 = Release|Any CPU
		{69096E6B-0D1A-4C5A-8DAB-7F301FC309DA}.Release|x64.ActiveCfg = Release|Any CPU
		{69096E6B-0D1A-4C5A-8DAB-7F301FC309DA}.Release|x64.Build.0 = Release|Any CPU
		{69096E6B-0D1A-4C5A-8DAB-7F301FC309DA}.Release|x86.ActiveCfg = Release|Any CPU
		{69096E6B-0D1A-4C5A-8DAB-7F301FC309DA}.Release|x86.Build.0 = Release|Any CPU
	EndGlobalSection
	GlobalSection(SolutionProperties) = preSolution
		HideSolutionNode = FALSE
	EndGlobalSection
EndGlobal
